# ply.lock — generated by `ply build`; do not edit by hand.
[[package]]
name = "go"
version = "1.24.0"
source = "https://registry.plybox.sh/ply/{package}"
sha256 = "sha256:e3ada6c61fde6345eea1dc997b38abbc309e7d7393e76a8e64a6b75a290242c5"

[[package]]
name = "debian"
version = "13.6.0"
source = "https://registry.plybox.sh/ply/{package}"
sha256 = "sha256:d32d410e6e5c143922c0000121e9a34f4b534649395e59bfd722f27118770846"
